
Microsoft Visual Studio Solution File, Format Version 12.00
# Visual Studio Version 16
VisualStudioVersion = 16.0.32002.261
MinimumVisualStudioVersion = 10.0.40219.1
Project("{FAE04EC0-301F-11D3-BF4B-00C04F79EFBC}") = "PresentationLayer", "PresentationLayer\PresentationLayer.csproj", "{F7C62587-0A65-4BD3-8493-173EB157C3F4}"
EndProject
Project("{FAE04EC0-301F-11D3-BF4B-00C04F79EFBC}") = "EntiyLayers", "EntiyLayers\EntiyLayers.csproj", "{CF995F17-68B2-4210-AE3E-473E9741A05F}"
EndProject
Project("{FAE04EC0-301F-11D3-BF4B-00C04F79EFBC}") = "DataAccessLayer", "DataAccessLayer\DataAccessLayer.csproj", "{C4078359-DBF3-4E8C-8456-ADD5242DF6D0}"
EndProject
Global
	GlobalSection(SolutionConfigurationPlatforms) = preSolution
		Debug|Any CPU = Debug|Any CPU
		Release|Any CPU = Release|Any CPU
	EndGlobalSection
	GlobalSection(ProjectConfigurationPlatforms) = postSolution
		{F7C62587-0A65-4BD3-8493-173EB157C3F4}.Debug|Any CPU.ActiveCfg = Debug|Any CPU
		{F7C62587-0A65-4BD3-8493-173EB157C3F4}.Debug|Any CPU.Build.0 = Debug|Any CPU
		{F7C62587-0A65-4BD3-8493-173EB157C3F4}.Release|Any CPU.ActiveCfg = Release|Any CPU
		{F7C62587-0A65-4BD3-8493-173EB157C3F4}.Release|Any CPU.Build.0 = Release|Any CPU
		{CF995F17-68B2-4210-AE3E-473E9741A05F}.Debug|Any CPU.ActiveCfg = Debug|Any CPU
		{CF995F17-68B2-4210-AE3E-473E9741A05F}.Debug|Any CPU.Build.0 = Debug|Any CPU
		{CF995F17-68B2-4210-AE3E-473E9741A05F}.Release|Any CPU.ActiveCfg = Release|Any CPU
		{CF995F17-68B2-4210-AE3E-473E9741A05F}.Release|Any CPU.Build.0 = Release|Any CPU
		{C4078359-DBF3-4E8C-8456-ADD5242DF6D0}.Debug|Any CPU.ActiveCfg = Debug|Any CPU
		{C4078359-DBF3-4E8C-8456-ADD5242DF6D0}.Debug|Any CPU.Build.0 = Debug|Any CPU
		{C4078359-DBF3-4E8C-8456-ADD5242DF6D0}.Release|Any CPU.ActiveCfg = Release|Any CPU
		{C4078359-DBF3-4E8C-8456-ADD5242DF6D0}.Release|Any CPU.Build.0 = Release|Any CPU
	EndGlobalSection
	GlobalSection(SolutionProperties) = preSolution
		HideSolutionNode = FALSE
	EndGlobalSection
	GlobalSection(ExtensibilityGlobals) = postSolution
		SolutionGuid = {A64A58E9-74A3-43E5-9142-483165DC69DD}
	EndGlobalSection
EndGlobal
